// !$*UTF8*$!
{
	archiveVersion = 1;
	classes = {
	};
	objectVersion = 50;
	objects = {

/* Begin PBXBuildFile section */
		3D6C8D16264C1E950EFFC0E8 /* Pods_STEM_GAP.framework in Frameworks */ = {isa = PBXBuildFile; fileRef = 41737E4733B6D612E3D7DBB1 /* Pods_STEM_GAP.framework */; };
		A0681B3ACEB804AF3AFD0714 /* Pods_STEM_GAPTests.framework in Frameworks */ = {isa = PBXBuildFile; fileRef = 47962105ED10DEBE7A63D352 /* Pods_STEM_GAPTests.framework */; };
		A406B80721778D9300431DB4 /* jeremy-galliani-697655-unsplash.jpg in Resources */ = {isa = PBXBuildFile; fileRef = A406B80621778D9200431DB4 /* jeremy-galliani-697655-unsplash.jpg */; };
		A406B8092177904D00431DB4 /* jeremy-galliani-697655-unsplash (1).jpg in Resources */ = {isa = PBXBuildFile; fileRef = A406B8082177904D00431DB4 /* jeremy-galliani-697655-unsplash (1).jpg */; };
		A40ECEEB2190AF1200E2B2EA /* STEMlinkViewController.swift in Sources */ = {isa = PBXBuildFile; fileRef = A40ECEEA2190AF1200E2B2EA /* STEMlinkViewController.swift */; };
		A410A5FC219CA341008CC13D /* electrical wallpaper.jpeg in Resources */ = {isa = PBXBuildFile; fileRef = A410A5FB219CA341008CC13D /* electrical wallpaper.jpeg */; };
		A410A5FE219CA4D7008CC13D /* markus-spiske-777055-unsplash.jpg in Resources */ = {isa = PBXBuildFile; fileRef = A410A5FD219CA4D6008CC13D /* markus-spiske-777055-unsplash.jpg */; };
		A45337DA2193389900F6FD12 /* Swift+gif.swift in Sources */ = {isa = PBXBuildFile; fileRef = A45337D92193389900F6FD12 /* Swift+gif.swift */; };
		A45337DC21933B0E00F6FD12 /* scared baby.gif in Resources */ = {isa = PBXBuildFile; fileRef = A45337DB21933B0E00F6FD12 /* scared baby.gif */; };
		A45337DE21933B9700F6FD12 /* bright-eyes.gif in Resources */ = {isa = PBXBuildFile; fileRef = A45337DD21933B9700F6FD12 /* bright-eyes.gif */; };
		A45337E021933C7D00F6FD12 /* STEM-logo-1.jpg in Resources */ = {isa = PBXBuildFile; fileRef = A45337DF21933C7D00F6FD12 /* STEM-logo-1.jpg */; };
		A45337E221933EB800F6FD12 /* msubear.png in Resources */ = {isa = PBXBuildFile; fileRef = A45337E121933EB700F6FD12 /* msubear.png */; };
		A45337E42193402100F6FD12 /* stemstudents.jpeg in Resources */ = {isa = PBXBuildFile; fileRef = A45337E32193402100F6FD12 /* stemstudents.jpeg */; };
		A45337E62193405E00F6FD12 /* hbcu.jpeg in Resources */ = {isa = PBXBuildFile; fileRef = A45337E52193405E00F6FD12 /* hbcu.jpeg */; };
		A45337E82193409C00F6FD12 /* topschools.jpeg in Resources */ = {isa = PBXBuildFile; fileRef = A45337E72193409C00F6FD12 /* topschools.jpeg */; };
		A46128BF21895D730008FA9E /* Add1ViewController.swift in Sources */ = {isa = PBXBuildFile; fileRef = A46128BE21895D730008FA9E /* Add1ViewController.swift */; };
		A46128C1218960110008FA9E /* HVD_Comic_Serif_Pro.otf in Resources */ = {isa = PBXBuildFile; fileRef = A46128C0218960110008FA9E /* HVD_Comic_Serif_Pro.otf */; };
		A48D4F7F21939336002DA9A9 /* WordViewController.swift in Sources */ = {isa = PBXBuildFile; fileRef = A48D4F7E21939336002DA9A9 /* WordViewController.swift */; };
		A4AE2E29219CC92200CAF661 /* nicolas-thomas-540353-unsplash.jpg in Resources */ = {isa = PBXBuildFile; fileRef = A4AE2E28219CC92100CAF661 /* nicolas-thomas-540353-unsplash.jpg */; };
		A4D191C921655C690077788D /* AppDelegate.swift in Sources */ = {isa = PBXBuildFile; fileRef = A4D191C821655C690077788D /* AppDelegate.swift */; };
		A4D191CE21655C690077788D /* Main.storyboard in Resources */ = {isa = PBXBuildFile; fileRef = A4D191CC21655C690077788D /* Main.storyboard */; };
		A4D191D021655C6B0077788D /* Assets.xcassets in Resources */ = {isa = PBXBuildFile; fileRef = A4D191CF21655C6B0077788D /* Assets.xcassets */; };
		A4D191D321655C6B0077788D /* LaunchScreen.storyboard in Resources */ = {isa = PBXBuildFile; fileRef = A4D191D121655C6B0077788D /* LaunchScreen.storyboard */; };
		A4D191DE21655C6B0077788D /* STEM_GAPTests.swift in Sources */ = {isa = PBXBuildFile; fileRef = A4D191DD21655C6B0077788D /* STEM_GAPTests.swift */; };
		A4D191E921655C6B0077788D /* STEM_GAPUITests.swift in Sources */ = {isa = PBXBuildFile; fileRef = A4D191E821655C6B0077788D /* STEM_GAPUITests.swift */; };
		A4D557972175333A00FCCF7A /* WelcomeViewController.swift in Sources */ = {isa = PBXBuildFile; fileRef = A4D557962175333A00FCCF7A /* WelcomeViewController.swift */; };
		A4D557992175334B00FCCF7A /* Fact1ViewController.swift in Sources */ = {isa = PBXBuildFile; fileRef = A4D557982175334B00FCCF7A /* Fact1ViewController.swift */; };
		A4D5579B2175335B00FCCF7A /* Fact2ViewController.swift in Sources */ = {isa = PBXBuildFile; fileRef = A4D5579A2175335B00FCCF7A /* Fact2ViewController.swift */; };
		A4D5579D2175337000FCCF7A /* LoginViewController.swift in Sources */ = {isa = PBXBuildFile; fileRef = A4D5579C2175337000FCCF7A /* LoginViewController.swift */; };
		A4D5579F2175338300FCCF7A /* HomeViewController.swift in Sources */ = {isa = PBXBuildFile; fileRef = A4D5579E2175338300FCCF7A /* HomeViewController.swift */; };
		A4D557A1217533AC00FCCF7A /* ElectricalEngineeringViewController.swift in Sources */ = {isa = PBXBuildFile; fileRef = A4D557A0217533AC00FCCF7A /* ElectricalEngineeringViewController.swift */; };
		A4D557A3217533C600FCCF7A /* ComputerScienceViewController.swift in Sources */ = {isa = PBXBuildFile; fileRef = A4D557A2217533C600FCCF7A /* ComputerScienceViewController.swift */; };
		A4D557A5217533EF00FCCF7A /* LinksViewController.swift in Sources */ = {isa = PBXBuildFile; fileRef = A4D557A4217533EF00FCCF7A /* LinksViewController.swift */; };
		BEB1E179BAF3B0C468AA2C79 /* Pods_STEM_GAPUITests.framework in Frameworks */ = {isa = PBXBuildFile; fileRef = 223BEA5565C2F0D650186EBD /* Pods_STEM_GAPUITests.framework */; };
/* End PBXBuildFile section */

/* Begin PBXContainerItemProxy section */
		A4D191DA21655C6B0077788D /* PBXContainerItemProxy */ = {
			isa = PBXContainerItemProxy;
			containerPortal = A4D191BD21655C690077788D /* Project object */;
			proxyType = 1;
			remoteGlobalIDString = A4D191C421655C690077788D;
			remoteInfo = "STEM GAP";
		};
		A4D191E521655C6B0077788D /* PBXContainerItemProxy */ = {
			isa = PBXContainerItemProxy;
			containerPortal = A4D191BD21655C690077788D /* Project object */;
			proxyType = 1;
			remoteGlobalIDString = A4D191C421655C690077788D;
			remoteInfo = "STEM GAP";
		};
/* End PBXContainerItemProxy section */

/* Begin PBXFileReference section */
		1AF9741E32A64999755EB716 /* Pods-STEM GAPTests.debug.xcconfig */ = {isa = PBXFileReference; includeInIndex = 1; lastKnownFileType = text.xcconfig; name = "Pods-STEM GAPTests.debug.xcconfig"; path = "Pods/Target Support Files/Pods-STEM GAPTests/Pods-STEM GAPTests.debug.xcconfig"; sourceTree = "<group>"; };
		223BEA5565C2F0D650186EBD /* Pods_STEM_GAPUITests.framework */ = {isa = PBXFileReference; explicitFileType = wrapper.framework; includeInIndex = 0; path = Pods_STEM_GAPUITests.framework; sourceTree = BUILT_PRODUCTS_DIR; };
		32FC4D18F22D5E99EBDB29BE /* Pods-STEM GAP.debug.xcconfig */ = {isa = PBXFileReference; includeInIndex = 1; lastKnownFileType = text.xcconfig; name = "Pods-STEM GAP.debug.xcconfig"; path = "Pods/Target Support Files/Pods-STEM GAP/Pods-STEM GAP.debug.xcconfig"; sourceTree = "<group>"; };
		3F49B2FB81707A871490845B /* Pods-STEM GAPUITests.debug.xcconfig */ = {isa = PBXFileReference; includeInIndex = 1; lastKnownFileType = text.xcconfig; name = "Pods-STEM GAPUITests.debug.xcconfig"; path = "Pods/Target Support Files/Pods-STEM GAPUITests/Pods-STEM GAPUITests.debug.xcconfig"; sourceTree = "<group>"; };
		41737E4733B6D612E3D7DBB1 /* Pods_STEM_GAP.framework */ = {isa = PBXFileReference; explicitFileType = wrapper.framework; includeInIndex = 0; path = Pods_STEM_GAP.framework; sourceTree = BUILT_PRODUCTS_DIR; };
		47962105ED10DEBE7A63D352 /* Pods_STEM_GAPTests.framework */ = {isa = PBXFileReference; explicitFileType = wrapper.framework; includeInIndex = 0; path = Pods_STEM_GAPTests.framework; sourceTree = BUILT_PRODUCTS_DIR; };
		6F975E71C778846690A8404D /* Pods-STEM GAPUITests.release.xcconfig */ = {isa = PBXFileReference; includeInIndex = 1; lastKnownFileType = text.xcconfig; name = "Pods-STEM GAPUITests.release.xcconfig"; path = "Pods/Target Support Files/Pods-STEM GAPUITests/Pods-STEM GAPUITests.release.xcconfig"; sourceTree = "<group>"; };
		A406B80621778D9200431DB4 /* jeremy-galliani-697655-unsplash.jpg */ = {isa = PBXFileReference; lastKnownFileType = image.jpeg; name = "jeremy-galliani-697655-unsplash.jpg"; path = "../../../Downloads/jeremy-galliani-697655-unsplash.jpg"; sourceTree = "<group>"; };
		A406B8082177904D00431DB4 /* jeremy-galliani-697655-unsplash (1).jpg */ = {isa = PBXFileReference; lastKnownFileType = image.jpeg; name = "jeremy-galliani-697655-unsplash (1).jpg"; path = "../../../Downloads/jeremy-galliani-697655-unsplash (1).jpg"; sourceTree = "<group>"; };
		A40ECEEA2190AF1200E2B2EA /* STEMlinkViewController.swift */ = {isa = PBXFileReference; lastKnownFileType = sourcecode.swift; path = STEMlinkViewController.swift; sourceTree = "<group>"; };
		A410A5FB219CA341008CC13D /* electrical wallpaper.jpeg */ = {isa = PBXFileReference; lastKnownFileType = image.jpeg; path = "electrical wallpaper.jpeg"; sourceTree = "<group>"; };
		A410A5FD219CA4D6008CC13D /* markus-spiske-777055-unsplash.jpg */ = {isa = PBXFileReference; lastKnownFileType = image.jpeg; path = "markus-spiske-777055-unsplash.jpg"; sourceTree = "<group>"; };
		A45337D92193389900F6FD12 /* Swift+gif.swift */ = {isa = PBXFileReference; lastKnownFileType = sourcecode.swift; path = "Swift+gif.swift"; sourceTree = "<group>"; };
		A45337DB21933B0E00F6FD12 /* scared baby.gif */ = {isa = PBXFileReference; lastKnownFileType = image.gif; path = "scared baby.gif"; sourceTree = "<group>"; };
		A45337DD21933B9700F6FD12 /* bright-eyes.gif */ = {isa = PBXFileReference; lastKnownFileType = image.gif; path = "bright-eyes.gif"; sourceTree = "<group>"; };
		A45337DF21933C7D00F6FD12 /* STEM-logo-1.jpg */ = {isa = PBXFileReference; lastKnownFileType = image.jpeg; path = "STEM-logo-1.jpg"; sourceTree = "<group>"; };
		A45337E121933EB700F6FD12 /* msubear.png */ = {isa = PBXFileReference; lastKnownFileType = image.png; path = msubear.png; sourceTree = "<group>"; };
		A45337E32193402100F6FD12 /* stemstudents.jpeg */ = {isa = PBXFileReference; lastKnownFileType = image.jpeg; path = stemstudents.jpeg; sourceTree = "<group>"; };
		A45337E52193405E00F6FD12 /* hbcu.jpeg */ = {isa = PBXFileReference; lastKnownFileType = image.jpeg; path = hbcu.jpeg; sourceTree = "<group>"; };
		A45337E72193409C00F6FD12 /* topschools.jpeg */ = {isa = PBXFileReference; lastKnownFileType = image.jpeg; path = topschools.jpeg; sourceTree = "<group>"; };
		A46128BE21895D730008FA9E /* Add1ViewController.swift */ = {isa = PBXFileReference; lastKnownFileType = sourcecode.swift; path = Add1ViewController.swift; sourceTree = "<group>"; };
		A46128C0218960110008FA9E /* HVD_Comic_Serif_Pro.otf */ = {isa = PBXFileReference; lastKnownFileType = file; name = HVD_Comic_Serif_Pro.otf; path = ../../../Downloads/add1_assets/Font/HVD_Comic_Serif_Pro.otf; sourceTree = "<group>"; };
		A46128C2218989C60008FA9E /* Add1-Bridging-Header.h */ = {isa = PBXFileReference; lastKnownFileType = sourcecode.c.h; path = "Add1-Bridging-Header.h"; sourceTree = "<group>"; };
		A48D4F7E21939336002DA9A9 /* WordViewController.swift */ = {isa = PBXFileReference; lastKnownFileType = sourcecode.swift; path = WordViewController.swift; sourceTree = "<group>"; };
		A4AE2E28219CC92100CAF661 /* nicolas-thomas-540353-unsplash.jpg */ = {isa = PBXFileReference; lastKnownFileType = image.jpeg; path = "nicolas-thomas-540353-unsplash.jpg"; sourceTree = "<group>"; };
		A4D191C521655C690077788D /* STEM GAP.app */ = {isa = PBXFileReference; explicitFileType = wrapper.application; includeInIndex = 0; path = "STEM GAP.app"; sourceTree = BUILT_PRODUCTS_DIR; };
		A4D191C821655C690077788D /* AppDelegate.swift */ = {isa = PBXFileReference; lastKnownFileType = sourcecode.swift; path = AppDelegate.swift; sourceTree = "<group>"; };
		A4D191CD21655C690077788D /* Base */ = {isa = PBXFileReference; lastKnownFileType = file.storyboard; name = Base; path = Base.lproj/Main.storyboard; sourceTree = "<group>"; };
		A4D191CF21655C6B0077788D /* Assets.xcassets */ = {isa = PBXFileReference; lastKnownFileType = folder.assetcatalog; path = Assets.xcassets; sourceTree = "<group>"; };
		A4D191D221655C6B0077788D /* Base */ = {isa = PBXFileReference; lastKnownFileType = file.storyboard; name = Base; path = Base.lproj/LaunchScreen.storyboard; sourceTree = "<group>"; };
		A4D191D421655C6B0077788D /* Info.plist */ = {isa = PBXFileReference; lastKnownFileType = text.plist.xml; path = Info.plist; sourceTree = "<group>"; };
		A4D191D921655C6B0077788D /* STEM GAPTests.xctest */ = {isa = PBXFileReference; explicitFileType = wrapper.cfbundle; includeInIndex = 0; path = "STEM GAPTests.xctest"; sourceTree = BUILT_PRODUCTS_DIR; };
		A4D191DD21655C6B0077788D /* STEM_GAPTests.swift */ = {isa = PBXFileReference; lastKnownFileType = sourcecode.swift; path = STEM_GAPTests.swift; sourceTree = "<group>"; };
		A4D191DF21655C6B0077788D /* Info.plist */ = {isa = PBXFileReference; lastKnownFileType = text.plist.xml; path = Info.plist; sourceTree = "<group>"; };
		A4D191E421655C6B0077788D /* STEM GAPUITests.xctest */ = {isa = PBXFileReference; explicitFileType = wrapper.cfbundle; includeInIndex = 0; path = "STEM GAPUITests.xctest"; sourceTree = BUILT_PRODUCTS_DIR; };
		A4D191E821655C6B0077788D /* STEM_GAPUITests.swift */ = {isa = PBXFileReference; lastKnownFileType = sourcecode.swift; path = STEM_GAPUITests.swift; sourceTree = "<group>"; };
		A4D191EA21655C6B0077788D /* Info.plist */ = {isa = PBXFileReference; lastKnownFileType = text.plist.xml; path = Info.plist; sourceTree = "<group>"; };
		A4D557962175333A00FCCF7A /* WelcomeViewController.swift */ = {isa = PBXFileReference; lastKnownFileType = sourcecode.swift; path = WelcomeViewController.swift; sourceTree = "<group>"; };
		A4D557982175334B00FCCF7A /* Fact1ViewController.swift */ = {isa = PBXFileReference; lastKnownFileType = sourcecode.swift; path = Fact1ViewController.swift; sourceTree = "<group>"; };
		A4D5579A2175335B00FCCF7A /* Fact2ViewController.swift */ = {isa = PBXFileReference; lastKnownFileType = sourcecode.swift; path = Fact2ViewController.swift; sourceTree = "<group>"; };
		A4D5579C2175337000FCCF7A /* LoginViewController.swift */ = {isa = PBXFileReference; lastKnownFileType = sourcecode.swift; path = LoginViewController.swift; sourceTree = "<group>"; };
		A4D5579E2175338300FCCF7A /* HomeViewController.swift */ = {isa = PBXFileReference; lastKnownFileType = sourcecode.swift; path = HomeViewController.swift; sourceTree = "<group>"; };
		A4D557A0217533AC00FCCF7A /* ElectricalEngineeringViewController.swift */ = {isa = PBXFileReference; lastKnownFileType = sourcecode.swift; path = ElectricalEngineeringViewController.swift; sourceTree = "<group>"; };
		A4D557A2217533C600FCCF7A /* ComputerScienceViewController.swift */ = {isa = PBXFileReference; lastKnownFileType = sourcecode.swift; path = ComputerScienceViewController.swift; sourceTree = "<group>"; };
		A4D557A4217533EF00FCCF7A /* LinksViewController.swift */ = {isa = PBXFileReference; lastKnownFileType = sourcecode.swift; path = LinksViewController.swift; sourceTree = "<group>"; };
		BC552AFA27C3C95F8CF9B8E5 /* Pods-STEM GAP.release.xcconfig */ = {isa = PBXFileReference; includeInIndex = 1; lastKnownFileType = text.xcconfig; name = "Pods-STEM GAP.release.xcconfig"; path = "Pods/Target Support Files/Pods-STEM GAP/Pods-STEM GAP.release.xcconfig"; sourceTree = "<group>"; };
		BCE00F3EBACB1AD87E698E04 /* Pods-STEM GAPTests.release.xcconfig */ = {isa = PBXFileReference; includeInIndex = 1; lastKnownFileType = text.xcconfig; name = "Pods-STEM GAPTests.release.xcconfig"; path = "Pods/Target Support Files/Pods-STEM GAPTests/Pods-STEM GAPTests.release.xcconfig"; sourceTree = "<group>"; };
/* End PBXFileReference section */

/* Begin PBXFrameworksBuildPhase section */
		A4D191C221655C690077788D /* Frameworks */ = {
			isa = PBXFrameworksBuildPhase;
			buildActionMask = 2147483647;
			files = (
				3D6C8D16264C1E950EFFC0E8 /* Pods_STEM_GAP.framework in Frameworks */,
			);
			runOnlyForDeploymentPostprocessing = 0;
		};
		A4D191D621655C6B0077788D /* Frameworks */ = {
			isa = PBXFrameworksBuildPhase;
			buildActionMask = 2147483647;
			files = (
				A0681B3ACEB804AF3AFD0714 /* Pods_STEM_GAPTests.framework in Frameworks */,
			);
			runOnlyForDeploymentPostprocessing = 0;
		};
		A4D191E121655C6B0077788D /* Frameworks */ = {
			isa = PBXFrameworksBuildPhase;
			buildActionMask = 2147483647;
			files = (
				BEB1E179BAF3B0C468AA2C79 /* Pods_STEM_GAPUITests.framework in Frameworks */,
			);
			runOnlyForDeploymentPostprocessing = 0;
		};
/* End PBXFrameworksBuildPhase section */

/* Begin PBXGroup section */
		8DA2058C99D63B008290B639 /* Pods */ = {
			isa = PBXGroup;
			children = (
				32FC4D18F22D5E99EBDB29BE /* Pods-STEM GAP.debug.xcconfig */,
				BC552AFA27C3C95F8CF9B8E5 /* Pods-STEM GAP.release.xcconfig */,
				1AF9741E32A64999755EB716 /* Pods-STEM GAPTests.debug.xcconfig */,
				BCE00F3EBACB1AD87E698E04 /* Pods-STEM GAPTests.release.xcconfig */,
				3F49B2FB81707A871490845B /* Pods-STEM GAPUITests.debug.xcconfig */,
				6F975E71C778846690A8404D /* Pods-STEM GAPUITests.release.xcconfig */,
			);
			name = Pods;
			sourceTree = "<group>";
		};
		A4D191BC21655C690077788D = {
			isa = PBXGroup;
			children = (
				A46128C2218989C60008FA9E /* Add1-Bridging-Header.h */,
				A4D191C721655C690077788D /* STEM GAP */,
				A4D191DC21655C6B0077788D /* STEM GAPTests */,
				A4D191E721655C6B0077788D /* STEM GAPUITests */,
				A4D191C621655C690077788D /* Products */,
				A4D191E821655C6B0077788D /* STEM_GAPUITests.swift */,
				8DA2058C99D63B008290B639 /* Pods */,
				E4A6E19A271106B88F6895E7 /* Frameworks */,
			);
			sourceTree = "<group>";
		};
		A4D191C621655C690077788D /* Products */ = {
			isa = PBXGroup;
			children = (
				A4D191C521655C690077788D /* STEM GAP.app */,
				A4D191D921655C6B0077788D /* STEM GAPTests.xctest */,
				A4D191E421655C6B0077788D /* STEM GAPUITests.xctest */,
			);
			name = Products;
			sourceTree = "<group>";
		};
		A4D191C721655C690077788D /* STEM GAP */ = {
			isa = PBXGroup;
			children = (
				A4D191C821655C690077788D /* AppDelegate.swift */,
				A4D191CC21655C690077788D /* Main.storyboard */,
				A45337D92193389900F6FD12 /* Swift+gif.swift */,
				A4D191CF21655C6B0077788D /* Assets.xcassets */,
				A4D191D121655C6B0077788D /* LaunchScreen.storyboard */,
				A45337E52193405E00F6FD12 /* hbcu.jpeg */,
				A45337E32193402100F6FD12 /* stemstudents.jpeg */,
				A45337E121933EB700F6FD12 /* msubear.png */,
				A45337DF21933C7D00F6FD12 /* STEM-logo-1.jpg */,
				A45337DD21933B9700F6FD12 /* bright-eyes.gif */,
				A45337DB21933B0E00F6FD12 /* scared baby.gif */,
				A45337E72193409C00F6FD12 /* topschools.jpeg */,
				A406B8082177904D00431DB4 /* jeremy-galliani-697655-unsplash (1).jpg */,
				A4AE2E28219CC92100CAF661 /* nicolas-thomas-540353-unsplash.jpg */,
				A406B80621778D9200431DB4 /* jeremy-galliani-697655-unsplash.jpg */,
				A410A5FD219CA4D6008CC13D /* markus-spiske-777055-unsplash.jpg */,
				A410A5FB219CA341008CC13D /* electrical wallpaper.jpeg */,
				A4D191D421655C6B0077788D /* Info.plist */,
				A46128C0218960110008FA9E /* HVD_Comic_Serif_Pro.otf */,
				A4D557962175333A00FCCF7A /* WelcomeViewController.swift */,
				A4D557982175334B00FCCF7A /* Fact1ViewController.swift */,
				A4D5579A2175335B00FCCF7A /* Fact2ViewController.swift */,
				A4D5579C2175337000FCCF7A /* LoginViewController.swift */,
				A4D5579E2175338300FCCF7A /* HomeViewController.swift */,
				A4D557A0217533AC00FCCF7A /* ElectricalEngineeringViewController.swift */,
				A4D557A2217533C600FCCF7A /* ComputerScienceViewController.swift */,
				A4D557A4217533EF00FCCF7A /* LinksViewController.swift */,
				A46128BE21895D730008FA9E /* Add1ViewController.swift */,
				A40ECEEA2190AF1200E2B2EA /* STEMlinkViewController.swift */,
				A48D4F7E21939336002DA9A9 /* WordViewController.swift */,
			);
			path = "STEM GAP";
			sourceTree = "<group>";
		};
		A4D191DC21655C6B0077788D /* STEM GAPTests */ = {
			isa = PBXGroup;
			children = (
				A4D191DD21655C6B0077788D /* STEM_GAPTests.swift */,
				A4D191DF21655C6B0077788D /* Info.plist */,
			);
			path = "STEM GAPTests";
			sourceTree = "<group>";
		};
		A4D191E721655C6B0077788D /* STEM GAPUITests */ = {
			isa = PBXGroup;
			children = (
				A4D191EA21655C6B0077788D /* Info.plist */,
			);
			path = "STEM GAPUITests";
			sourceTree = "<group>";
		};
		E4A6E19A271106B88F6895E7 /* Frameworks */ = {
			isa = PBXGroup;
			children = (
				41737E4733B6D612E3D7DBB1 /* Pods_STEM_GAP.framework */,
				47962105ED10DEBE7A63D352 /* Pods_STEM_GAPTests.framework */,
				223BEA5565C2F0D650186EBD /* Pods_STEM_GAPUITests.framework */,
			);
			name = Frameworks;
			sourceTree = "<group>";
		};
/* End PBXGroup section */

/* Begin PBXNativeTarget section */
		A4D191C421655C690077788D /* STEM GAP */ = {
			isa = PBXNativeTarget;
			buildConfigurationList = A4D191ED21655C6B0077788D /* Build configuration list for PBXNativeTarget "STEM GAP" */;
			buildPhases = (
				058ECBA5FD328BDBAF21923F /* [CP] Check Pods Manifest.lock */,
				A4D191C121655C690077788D /* Sources */,
				A4D191C221655C690077788D /* Frameworks */,
				A4D191C321655C690077788D /* Resources */,
				64E59C504E880345CB942E8F /* [CP] Embed Pods Frameworks */,
			);
			buildRules = (
			);
			dependencies = (
			);
			name = "STEM GAP";
			productName = "STEM GAP";
			productReference = A4D191C521655C690077788D /* STEM GAP.app */;
			productType = "com.apple.product-type.application";
		};
		A4D191D821655C6B0077788D /* STEM GAPTests */ = {
			isa = PBXNativeTarget;
			buildConfigurationList = A4D191F021655C6B0077788D /* Build configuration list for PBXNativeTarget "STEM GAPTests" */;
			buildPhases = (
				1BFF032B6F37480BD8C9AB2D /* [CP] Check Pods Manifest.lock */,
				A4D191D521655C6B0077788D /* Sources */,
				A4D191D621655C6B0077788D /* Frameworks */,
				A4D191D721655C6B0077788D /* Resources */,
			);
			buildRules = (
			);
			dependencies = (
				A4D191DB21655C6B0077788D /* PBXTargetDependency */,
			);
			name = "STEM GAPTests";
			productName = "STEM GAPTests";
			productReference = A4D191D921655C6B0077788D /* STEM GAPTests.xctest */;
			productType = "com.apple.product-type.bundle.unit-test";
		};
		A4D191E321655C6B0077788D /* STEM GAPUITests */ = {
			isa = PBXNativeTarget;
			buildConfigurationList = A4D191F321655C6B0077788D /* Build configuration list for PBXNativeTarget "STEM GAPUITests" */;
			buildPhases = (
				F388CB51309D008197722D1C /* [CP] Check Pods Manifest.lock */,
				A4D191E021655C6B0077788D /* Sources */,
				A4D191E121655C6B0077788D /* Frameworks */,
				A4D191E221655C6B0077788D /* Resources */,
			);
			buildRules = (
			);
			dependencies = (
				A4D191E621655C6B0077788D /* PBXTargetDependency */,
			);
			name = "STEM GAPUITests";
			productName = "STEM GAPUITests";
			productReference = A4D191E421655C6B0077788D /* STEM GAPUITests.xctest */;
			productType = "com.apple.product-type.bundle.ui-testing";
		};
/* End PBXNativeTarget section */

/* Begin PBXProject section */
		A4D191BD21655C690077788D /* Project object */ = {
			isa = PBXProject;
			attributes = {
				LastSwiftUpdateCheck = 1000;
				LastUpgradeCheck = 1000;
				ORGANIZATIONNAME = MSU;
				TargetAttributes = {
					A4D191C421655C690077788D = {
						CreatedOnToolsVersion = 10.0;
					};
					A4D191D821655C6B0077788D = {
						CreatedOnToolsVersion = 10.0;
						TestTargetID = A4D191C421655C690077788D;
					};
					A4D191E321655C6B0077788D = {
						CreatedOnToolsVersion = 10.0;
						TestTargetID = A4D191C421655C690077788D;
					};
				};
			};
			buildConfigurationList = A4D191C021655C690077788D /* Build configuration list for PBXProject "STEM GAP" */;
			compatibilityVersion = "Xcode 9.3";
			developmentRegion = en;
			hasScannedForEncodings = 0;
			knownRegions = (
				en,
				Base,
			);
			mainGroup = A4D191BC21655C690077788D;
			productRefGroup = A4D191C621655C690077788D /* Products */;
			projectDirPath = "";
			projectRoot = "";
			targets = (
				A4D191C421655C690077788D /* STEM GAP */,
				A4D191D821655C6B0077788D /* STEM GAPTests */,
				A4D191E321655C6B0077788D /* STEM GAPUITests */,
			);
		};
/* End PBXProject section */

/* Begin PBXResourcesBuildPhase section */
		A4D191C321655C690077788D /* Resources */ = {
			isa = PBXResourcesBuildPhase;
			buildActionMask = 2147483647;
			files = (
				A46128C1218960110008FA9E /* HVD_Comic_Serif_Pro.otf in Resources */,
				A45337E82193409C00F6FD12 /* topschools.jpeg in Resources */,
				A45337DC21933B0E00F6FD12 /* scared baby.gif in Resources */,
				A406B80721778D9300431DB4 /* jeremy-galliani-697655-unsplash.jpg in Resources */,
				A4D191D321655C6B0077788D /* LaunchScreen.storyboard in Resources */,
				A45337E42193402100F6FD12 /* stemstudents.jpeg in Resources */,
				A4D191D021655C6B0077788D /* Assets.xcassets in Resources */,
				A4D191CE21655C690077788D /* Main.storyboard in Resources */,
				A45337DE21933B9700F6FD12 /* bright-eyes.gif in Resources */,
				A410A5FE219CA4D7008CC13D /* markus-spiske-777055-unsplash.jpg in Resources */,
				A410A5FC219CA341008CC13D /* electrical wallpaper.jpeg in Resources */,
				A4AE2E29219CC92200CAF661 /* nicolas-thomas-540353-unsplash.jpg in Resources */,
				A45337E021933C7D00F6FD12 /* STEM-logo-1.jpg in Resources */,
				A406B8092177904D00431DB4 /* jeremy-galliani-697655-unsplash (1).jpg in Resources */,
				A45337E221933EB800F6FD12 /* msubear.png in Resources */,
				A45337E62193405E00F6FD12 /* hbcu.jpeg in Resources */,
			);
			runOnlyForDeploymentPostprocessing = 0;
		};
		A4D191D721655C6B0077788D /* Resources */ = {
			isa = PBXResourcesBuildPhase;
			buildActionMask = 2147483647;
			files = (
			);
			runOnlyForDeploymentPostprocessing = 0;
		};
		A4D191E221655C6B0077788D /* Resources */ = {
			isa = PBXResourcesBuildPhase;
			buildActionMask = 2147483647;
			files = (
			);
			runOnlyForDeploymentPostprocessing = 0;
		};
/* End PBXResourcesBuildPhase section */

/* Begin PBXShellScriptBuildPhase section */
		058ECBA5FD328BDBAF21923F /* [CP] Check Pods Manifest.lock */ = {
			isa = PBXShellScriptBuildPhase;
			buildActionMask = 2147483647;
			files = (
			);
			inputPaths = (
				"${PODS_PODFILE_DIR_PATH}/Podfile.lock",
				"${PODS_ROOT}/Manifest.lock",
			);
			name = "[CP] Check Pods Manifest.lock";
			outputPaths = (
				"$(DERIVED_FILE_DIR)/Pods-STEM GAP-checkManifestLockResult.txt",
			);
			runOnlyForDeploymentPostprocessing = 0;
			shellPath = /bin/sh;
			shellScript = "diff \"${PODS_PODFILE_DIR_PATH}/Podfile.lock\" \"${PODS_ROOT}/Manifest.lock\" > /dev/null\nif [ $? != 0 ] ; then\n    # print error to STDERR\n    echo \"error: The sandbox is not in sync with the Podfile.lock. Run 'pod install' or update your CocoaPods installation.\" >&2\n    exit 1\nfi\n# This output is used by Xcode 'outputs' to avoid re-running this script phase.\necho \"SUCCESS\" > \"${SCRIPT_OUTPUT_FILE_0}\"\n";
			showEnvVarsInLog = 0;
		};
		1BFF032B6F37480BD8C9AB2D /* [CP] Check Pods Manifest.lock */ = {
			isa = PBXShellScriptBuildPhase;
			buildActionMask = 2147483647;
			files = (
			);
			inputPaths = (
				"${PODS_PODFILE_DIR_PATH}/Podfile.lock",
				"${PODS_ROOT}/Manifest.lock",
			);
			name = "[CP] Check Pods Manifest.lock";
			outputPaths = (
				"$(DERIVED_FILE_DIR)/Pods-STEM GAPTests-checkManifestLockResult.txt",
			);
			runOnlyForDeploymentPostprocessing = 0;
			shellPath = /bin/sh;
			shellScript = "diff \"${PODS_PODFILE_DIR_PATH}/Podfile.lock\" \"${PODS_ROOT}/Manifest.lock\" > /dev/null\nif [ $? != 0 ] ; then\n    # print error to STDERR\n    echo \"error: The sandbox is not in sync with the Podfile.lock. Run 'pod install' or update your CocoaPods installation.\" >&2\n    exit 1\nfi\n# This output is used by Xcode 'outputs' to avoid re-running this script phase.\necho \"SUCCESS\" > \"${SCRIPT_OUTPUT_FILE_0}\"\n";
			showEnvVarsInLog = 0;
		};
		64E59C504E880345CB942E8F /* [CP] Embed Pods Frameworks */ = {
			isa = PBXShellScriptBuildPhase;
			buildActionMask = 2147483647;
			files = (
			);
			inputPaths = (
				"${SRCROOT}/Pods/Target Support Files/Pods-STEM GAP/Pods-STEM GAP-frameworks.sh",
				"${BUILT_PRODUCTS_DIR}/Bolts/Bolts.framework",
				"${BUILT_PRODUCTS_DIR}/MBProgressHUD/MBProgressHUD.framework",
				"${BUILT_PRODUCTS_DIR}/Parse/Parse.framework",
			);
			name = "[CP] Embed Pods Frameworks";
			outputPaths = (
				"${TARGET_BUILD_DIR}/${FRAMEWORKS_FOLDER_PATH}/Bolts.framework",
				"${TARGET_BUILD_DIR}/${FRAMEWORKS_FOLDER_PATH}/MBProgressHUD.framework",
				"${TARGET_BUILD_DIR}/${FRAMEWORKS_FOLDER_PATH}/Parse.framework",
			);
			runOnlyForDeploymentPostprocessing = 0;
			shellPath = /bin/sh;
			shellScript = "\"${SRCROOT}/Pods/Target Support Files/Pods-STEM GAP/Pods-STEM GAP-frameworks.sh\"\n";
			showEnvVarsInLog = 0;
		};
		F388CB51309D008197722D1C /* [CP] Check Pods Manifest.lock */ = {
			isa = PBXShellScriptBuildPhase;
			buildActionMask = 2147483647;
			files = (
			);
			inputPaths = (
				"${PODS_PODFILE_DIR_PATH}/Podfile.lock",
				"${PODS_ROOT}/Manifest.lock",
			);
			name = "[CP] Check Pods Manifest.lock";
			outputPaths = (
				"$(DERIVED_FILE_DIR)/Pods-STEM GAPUITests-checkManifestLockResult.txt",
			);
			runOnlyForDeploymentPostprocessing = 0;
			shellPath = /bin/sh;
			shellScript = "diff \"${PODS_PODFILE_DIR_PATH}/Podfile.lock\" \"${PODS_ROOT}/Manifest.lock\" > /dev/null\nif [ $? != 0 ] ; then\n    # print error to STDERR\n    echo \"error: The sandbox is not in sync with the Podfile.lock. Run 'pod install' or update your CocoaPods installation.\" >&2\n    exit 1\nfi\n# This output is used by Xcode 'outputs' to avoid re-running this script phase.\necho \"SUCCESS\" > \"${SCRIPT_OUTPUT_FILE_0}\"\n";
			showEnvVarsInLog = 0;
		};
/* End PBXShellScriptBuildPhase section */

/* Begin PBXSourcesBuildPhase section */
		A4D191C121655C690077788D /* Sources */ = {
			isa = PBXSourcesBuildPhase;
			buildActionMask = 2147483647;
			files = (
				A46128BF21895D730008FA9E /* Add1ViewController.swift in Sources */,
				A4D191C921655C690077788D /* AppDelegate.swift in Sources */,
				A4D557972175333A00FCCF7A /* WelcomeViewController.swift in Sources */,
				A48D4F7F21939336002DA9A9 /* WordViewController.swift in Sources */,
				A4D557992175334B00FCCF7A /* Fact1ViewController.swift in Sources */,
				A45337DA2193389900F6FD12 /* Swift+gif.swift in Sources */,
				A4D557A1217533AC00FCCF7A /* ElectricalEngineeringViewController.swift in Sources */,
				A4D557A5217533EF00FCCF7A /* LinksViewController.swift in Sources */,
				A4D5579D2175337000FCCF7A /* LoginViewController.swift in Sources */,
				A40ECEEB2190AF1200E2B2EA /* STEMlinkViewController.swift in Sources */,
				A4D5579B2175335B00FCCF7A /* Fact2ViewController.swift in Sources */,
				A4D557A3217533C600FCCF7A /* ComputerScienceViewController.swift in Sources */,
				A4D5579F2175338300FCCF7A /* HomeViewController.swift in Sources */,
			);
			runOnlyForDeploymentPostprocessing = 0;
		};
		A4D191D521655C6B0077788D /* Sources */ = {
			isa = PBXSourcesBuildPhase;
			buildActionMask = 2147483647;
			files = (
				A4D191DE21655C6B0077788D /* STEM_GAPTests.swift in Sources */,
			);
			runOnlyForDeploymentPostprocessing = 0;
		};
		A4D191E021655C6B0077788D /* Sources */ = {
			isa = PBXSourcesBuildPhase;
			buildActionMask = 2147483647;
			files = (
				A4D191E921655C6B0077788D /* STEM_GAPUITests.swift in Sources */,
			);
			runOnlyForDeploymentPostprocessing = 0;
		};
/* End PBXSourcesBuildPhase section */

/* Begin PBXTargetDependency section */
		A4D191DB21655C6B0077788D /* PBXTargetDependency */ = {
			isa = PBXTargetDependency;
			target = A4D191C421655C690077788D /* STEM GAP */;
			targetProxy = A4D191DA21655C6B0077788D /* PBXContainerItemProxy */;
		};
		A4D191E621655C6B0077788D /* PBXTargetDependency */ = {
			isa = PBXTargetDependency;
			target = A4D191C421655C690077788D /* STEM GAP */;
			targetProxy = A4D191E521655C6B0077788D /* PBXContainerItemProxy */;
		};
/* End PBXTargetDependency section */

/* Begin PBXVariantGroup section */
		A4D191CC21655C690077788D /* Main.storyboard */ = {
			isa = PBXVariantGroup;
			children = (
				A4D191CD21655C690077788D /* Base */,
			);
			name = Main.storyboard;
			sourceTree = "<group>";
		};
		A4D191D121655C6B0077788D /* LaunchScreen.storyboard */ = {
			isa = PBXVariantGroup;
			children = (
				A4D191D221655C6B0077788D /* Base */,
			);
			name = LaunchScreen.storyboard;
			sourceTree = "<group>";
		};
/* End PBXVariantGroup section */

/* Begin XCBuildConfiguration section */
		A4D191EB21655C6B0077788D /* Debug */ = {
			isa = XCBuildConfiguration;
			buildSettings = {
				ALWAYS_SEARCH_USER_PATHS = NO;
				CLANG_ANALYZER_NONNULL = YES;
				CLANG_ANALYZER_NUMBER_OBJECT_CONVERSION = YES_AGGRESSIVE;
				CLANG_CXX_LANGUAGE_STANDARD = "gnu++14";
				CLANG_CXX_LIBRARY = "libc++";
				CLANG_ENABLE_MODULES = YES;
				CLANG_ENABLE_OBJC_ARC = YES;
				CLANG_ENABLE_OBJC_WEAK = YES;
				CLANG_WARN_BLOCK_CAPTURE_AUTORELEASING = YES;
				CLANG_WARN_BOOL_CONVERSION = YES;
				CLANG_WARN_COMMA = YES;
				CLANG_WARN_CONSTANT_CONVERSION = YES;
				CLANG_WARN_DEPRECATED_OBJC_IMPLEMENTATIONS = YES;
				CLANG_WARN_DIRECT_OBJC_ISA_USAGE = YES_ERROR;
				CLANG_WARN_DOCUMENTATION_COMMENTS = YES;
				CLANG_WARN_EMPTY_BODY = YES;
				CLANG_WARN_ENUM_CONVERSION = YES;
				CLANG_WARN_INFINITE_RECURSION = YES;
				CLANG_WARN_INT_CONVERSION = YES;
				CLANG_WARN_NON_LITERAL_NULL_CONVERSION = YES;
				CLANG_WARN_OBJC_IMPLICIT_RETAIN_SELF = YES;
				CLANG_WARN_OBJC_LITERAL_CONVERSION = YES;
				CLANG_WARN_OBJC_ROOT_CLASS = YES_ERROR;
				CLANG_WARN_RANGE_LOOP_ANALYSIS = YES;
				CLANG_WARN_STRICT_PROTOTYPES = YES;
				CLANG_WARN_SUSPICIOUS_MOVE = YES;
				CLANG_WARN_UNGUARDED_AVAILABILITY = YES_AGGRESSIVE;
				CLANG_WARN_UNREACHABLE_CODE = YES;
				CLANG_WARN__DUPLICATE_METHOD_MATCH = YES;
				CODE_SIGN_IDENTITY = "iPhone Developer";
				COPY_PHASE_STRIP = NO;
				DEBUG_INFORMATION_FORMAT = dwarf;
				ENABLE_STRICT_OBJC_MSGSEND = YES;
				ENABLE_TESTABILITY = YES;
				GCC_C_LANGUAGE_STANDARD = gnu11;
				GCC_DYNAMIC_NO_PIC = NO;
				GCC_NO_COMMON_BLOCKS = YES;
				GCC_OPTIMIZATION_LEVEL = 0;
				GCC_PREPROCESSOR_DEFINITIONS = (
					"DEBUG=1",
					"$(inherited)",
				);
				GCC_WARN_64_TO_32_BIT_CONVERSION = YES;
				GCC_WARN_ABOUT_RETURN_TYPE = YES_ERROR;
				GCC_WARN_UNDECLARED_SELECTOR = YES;
				GCC_WARN_UNINITIALIZED_AUTOS = YES_AGGRESSIVE;
				GCC_WARN_UNUSED_FUNCTION = YES;
				GCC_WARN_UNUSED_VARIABLE = YES;
				IPHONEOS_DEPLOYMENT_TARGET = 12.0;
				MTL_ENABLE_DEBUG_INFO = INCLUDE_SOURCE;
				MTL_FAST_MATH = YES;
				ONLY_ACTIVE_ARCH = YES;
				SDKROOT = iphoneos;
				SWIFT_ACTIVE_COMPILATION_CONDITIONS = DEBUG;
				SWIFT_OPTIMIZATION_LEVEL = "-Onone";
			};
			name = Debug;
		};
		A4D191EC21655C6B0077788D /* Release */ = {
			isa = XCBuildConfiguration;
			buildSettings = {
				ALWAYS_SEARCH_USER_PATHS = NO;
				CLANG_ANALYZER_NONNULL = YES;
				CLANG_ANALYZER_NUMBER_OBJECT_CONVERSION = YES_AGGRESSIVE;
				CLANG_CXX_LANGUAGE_STANDARD = "gnu++14";
				CLANG_CXX_LIBRARY = "libc++";
				CLANG_ENABLE_MODULES = YES;
				CLANG_ENABLE_OBJC_ARC = YES;
				CLANG_ENABLE_OBJC_WEAK = YES;
				CLANG_WARN_BLOCK_CAPTURE_AUTORELEASING = YES;
				CLANG_WARN_BOOL_CONVERSION = YES;
				CLANG_WARN_COMMA = YES;
				CLANG_WARN_CONSTANT_CONVERSION = YES;
				CLANG_WARN_DEPRECATED_OBJC_IMPLEMENTATIONS = YES;
				CLANG_WARN_DIRECT_OBJC_ISA_USAGE = YES_ERROR;
				CLANG_WARN_DOCUMENTATION_COMMENTS = YES;
				CLANG_WARN_EMPTY_BODY = YES;
				CLANG_WARN_ENUM_CONVERSION = YES;
				CLANG_WARN_INFINITE_RECURSION = YES;
				CLANG_WARN_INT_CONVERSION = YES;
				CLANG_WARN_NON_LITERAL_NULL_CONVERSION = YES;
				CLANG_WARN_OBJC_IMPLICIT_RETAIN_SELF = YES;
				CLANG_WARN_OBJC_LITERAL_CONVERSION = YES;
				CLANG_WARN_OBJC_ROOT_CLASS = YES_ERROR;
				CLANG_WARN_RANGE_LOOP_ANALYSIS = YES;
				CLANG_WARN_STRICT_PROTOTYPES = YES;
				CLANG_WARN_SUSPICIOUS_MOVE = YES;
				CLANG_WARN_UNGUARDED_AVAILABILITY = YES_AGGRESSIVE;
				CLANG_WARN_UNREACHABLE_CODE = YES;
				CLANG_WARN__DUPLICATE_METHOD_MATCH = YES;
				CODE_SIGN_IDENTITY = "iPhone Developer";
				COPY_PHASE_STRIP = NO;
				DEBUG_INFORMATION_FORMAT = "dwarf-with-dsym";
				ENABLE_NS_ASSERTIONS = NO;
				ENABLE_STRICT_OBJC_MSGSEND = YES;
				GCC_C_LANGUAGE_STANDARD = gnu11;
				GCC_NO_COMMON_BLOCKS = YES;
				GCC_WARN_64_TO_32_BIT_CONVERSION = YES;
				GCC_WARN_ABOUT_RETURN_TYPE = YES_ERROR;
				GCC_WARN_UNDECLARED_SELECTOR = YES;
				GCC_WARN_UNINITIALIZED_AUTOS = YES_AGGRESSIVE;
				GCC_WARN_UNUSED_FUNCTION = YES;
				GCC_WARN_UNUSED_VARIABLE = YES;
				IPHONEOS_DEPLOYMENT_TARGET = 12.0;
				MTL_ENABLE_DEBUG_INFO = NO;
				MTL_FAST_MATH = YES;
				SDKROOT = iphoneos;
				SWIFT_COMPILATION_MODE = wholemodule;
				SWIFT_OPTIMIZATION_LEVEL = "-O";
				VALIDATE_PRODUCT = YES;
			};
			name = Release;
		};
		A4D191EE21655C6B0077788D /* Debug */ = {
			isa = XCBuildConfiguration;
			baseConfigurationReference = 32FC4D18F22D5E99EBDB29BE /* Pods-STEM GAP.debug.xcconfig */;
			buildSettings = {
				ASSETCATALOG_COMPILER_APPICON_NAME = AppIcon;
				CODE_SIGN_STYLE = Automatic;
				INFOPLIST_FILE = "STEM GAP/Info.plist";
				LD_RUNPATH_SEARCH_PATHS = (
					"$(inherited)",
					"@executable_path/Frameworks",
				);
				PRODUCT_BUNDLE_IDENTIFIER = "Brittany-Dail.STEM-GAP";
				PRODUCT_NAME = "$(TARGET_NAME)";
				SWIFT_OBJC_BRIDGING_HEADER = "Add1-Bridging-Header.h";
				SWIFT_VERSION = 4.2;
				TARGETED_DEVICE_FAMILY = "1,2";
			};
			name = Debug;
		};
		A4D191EF21655C6B0077788D /* Release */ = {
			isa = XCBuildConfiguration;
			baseConfigurationReference = BC552AFA27C3C95F8CF9B8E5 /* Pods-STEM GAP.release.xcconfig */;
			buildSettings = {
				ASSETCATALOG_COMPILER_APPICON_NAME = AppIcon;
				CODE_SIGN_STYLE = Automatic;
				INFOPLIST_FILE = "STEM GAP/Info.plist";
				LD_RUNPATH_SEARCH_PATHS = (
					"$(inherited)",
					"@executable_path/Frameworks",
				);
				PRODUCT_BUNDLE_IDENTIFIER = "Brittany-Dail.STEM-GAP";
				PRODUCT_NAME = "$(TARGET_NAME)";
				SWIFT_OBJC_BRIDGING_HEADER = "Add1-Bridging-Header.h";
				SWIFT_VERSION = 4.2;
				TARGETED_DEVICE_FAMILY = "1,2";
			};
			name = Release;
		};
		A4D191F121655C6B0077788D /* Debug */ = {
			isa = XCBuildConfiguration;
			baseConfigurationReference = 1AF9741E32A64999755EB716 /* Pods-STEM GAPTests.debug.xcconfig */;
			buildSettings = {
				ALWAYS_EMBED_SWIFT_STANDARD_LIBRARIES = YES;
				BUNDLE_LOADER = "$(TEST_HOST)";
				CODE_SIGN_STYLE = Automatic;
				INFOPLIST_FILE = "STEM GAPTests/Info.plist";
				LD_RUNPATH_SEARCH_PATHS = (
					"$(inherited)",
					"@executable_path/Frameworks",
					"@loader_path/Frameworks",
				);
				PRODUCT_BUNDLE_IDENTIFIER = "Brittany-Dail.STEM-GAPTests";
				PRODUCT_NAME = "$(TARGET_NAME)";
				SWIFT_VERSION = 4.2;
				TARGETED_DEVICE_FAMILY = "1,2";
				TEST_HOST = "$(BUILT_PRODUCTS_DIR)/STEM GAP.app/STEM GAP";
			};
			name = Debug;
		};
		A4D191F221655C6B0077788D /* Release */ = {
			isa = XCBuildConfiguration;
			baseConfigurationReference = BCE00F3EBACB1AD87E698E04 /* Pods-STEM GAPTests.release.xcconfig */;
			buildSettings = {
				ALWAYS_EMBED_SWIFT_STANDARD_LIBRARIES = YES;
				BUNDLE_LOADER = "$(TEST_HOST)";
				CODE_SIGN_STYLE = Automatic;
				INFOPLIST_FILE = "STEM GAPTests/Info.plist";
				LD_RUNPATH_SEARCH_PATHS = (
					"$(inherited)",
					"@executable_path/Frameworks",
					"@loader_path/Frameworks",
				);
				PRODUCT_BUNDLE_IDENTIFIER = "Brittany-Dail.STEM-GAPTests";
				PRODUCT_NAME = "$(TARGET_NAME)";
				SWIFT_VERSION = 4.2;
				TARGETED_DEVICE_FAMILY = "1,2";
				TEST_HOST = "$(BUILT_PRODUCTS_DIR)/STEM GAP.app/STEM GAP";
			};
			name = Release;
		};
		A4D191F421655C6B0077788D /* Debug */ = {
			isa = XCBuildConfiguration;
			baseConfigurationReference = 3F49B2FB81707A871490845B /* Pods-STEM GAPUITests.debug.xcconfig */;
			buildSettings = {
				ALWAYS_EMBED_SWIFT_STANDARD_LIBRARIES = YES;
				CODE_SIGN_STYLE = Automatic;
				INFOPLIST_FILE = "STEM GAPUITests/Info.plist";
				LD_RUNPATH_SEARCH_PATHS = (
					"$(inherited)",
					"@executable_path/Frameworks",
					"@loader_path/Frameworks",
				);
				PRODUCT_BUNDLE_IDENTIFIER = "Brittany-Dail.STEM-GAPUITests";
				PRODUCT_NAME = "$(TARGET_NAME)";
				SWIFT_VERSION = 4.2;
				TARGETED_DEVICE_FAMILY = "1,2";
				TEST_TARGET_NAME = "STEM GAP";
			};
			name = Debug;
		};
		A4D191F521655C6B0077788D /* Release */ = {
			isa = XCBuildConfiguration;
			baseConfigurationReference = 6F975E71C778846690A8404D /* Pods-STEM GAPUITests.release.xcconfig */;
			buildSettings = {
				ALWAYS_EMBED_SWIFT_STANDARD_LIBRARIES = YES;
				CODE_SIGN_STYLE = Automatic;
				INFOPLIST_FILE = "STEM GAPUITests/Info.plist";
				LD_RUNPATH_SEARCH_PATHS = (
					"$(inherited)",
					"@executable_path/Frameworks",
					"@loader_path/Frameworks",
				);
				PRODUCT_BUNDLE_IDENTIFIER = "Brittany-Dail.STEM-GAPUITests";
				PRODUCT_NAME = "$(TARGET_NAME)";
				SWIFT_VERSION = 4.2;
				TARGETED_DEVICE_FAMILY = "1,2";
				TEST_TARGET_NAME = "STEM GAP";
			};
			name = Release;
		};
/* End XCBuildConfiguration section */

/* Begin XCConfigurationList section */
		A4D191C021655C690077788D /* Build configuration list for PBXProject "STEM GAP" */ = {
			isa = XCConfigurationList;
			buildConfigurations = (
				A4D191EB21655C6B0077788D /* Debug */,
				A4D191EC21655C6B0077788D /* Release */,
			);
			defaultConfigurationIsVisible = 0;
			defaultConfigurationName = Release;
		};
		A4D191ED21655C6B0077788D /* Build configuration list for PBXNativeTarget "STEM GAP" */ = {
			isa = XCConfigurationList;
			buildConfigurations = (
				A4D191EE21655C6B0077788D /* Debug */,
				A4D191EF21655C6B0077788D /* Release */,
			);
			defaultConfigurationIsVisible = 0;
			defaultConfigurationName = Release;
		};
		A4D191F021655C6B0077788D /* Build configuration list for PBXNativeTarget "STEM GAPTests" */ = {
			isa = XCConfigurationList;
			buildConfigurations = (
				A4D191F121655C6B0077788D /* Debug */,
				A4D191F221655C6B0077788D /* Release */,
			);
			defaultConfigurationIsVisible = 0;
			defaultConfigurationName = Release;
		};
		A4D191F321655C6B0077788D /* Build configuration list for PBXNativeTarget "STEM GAPUITests" */ = {
			isa = XCConfigurationList;
			buildConfigurations = (
				A4D191F421655C6B0077788D /* Debug */,
				A4D191F521655C6B0077788D /* Release */,
			);
			defaultConfigurationIsVisible = 0;
			defaultConfigurationName = Release;
		};
/* End XCConfigurationList section */
	};
	rootObject = A4D191BD21655C690077788D /* Project object */;
}
